
Microsoft Visual Studio Solution File, Format Version 12.00
# Visual Studio Version 16
VisualStudioVersion = 16.0.28803.156
MinimumVisualStudioVersion = 10.0.40219.1
Project("{FAE04EC0-301F-11D3-BF4B-00C04F79EFBC}") = "Vidly", "Vidly\Vidly.csproj", "{7B7B9EC3-1276-41A0-93A8-5986604A1BC1}"
EndProject
Global
	GlobalSection(SolutionConfigurationPlatforms) = preSolution
		Debug|Any CPU = Debug|Any CPU
		Release|Any CPU = Release|Any CPU
	EndGlobalSection
	GlobalSection(ProjectConfigurationPlatforms) = postSolution
		{7B7B9EC3-1276-41A0-93A8-5986604A1BC1}.Debug|Any CPU.ActiveCfg = Debug|Any CPU
		{7B7B9EC3-1276-41A0-93A8-5986604A1BC1}.Debug|Any CPU.Build.0 = Debug|Any CPU
		{7B7B9EC3-1276-41A0-93A8-5986604A1BC1}.Release|Any CPU.ActiveCfg = Release|Any CPU
		{7B7B9EC3-1276-41A0-93A8-5986604A1BC1}.Release|Any CPU.Build.0 = Release|Any CPU
	EndGlobalSection
	GlobalSection(SolutionProperties) = preSolution
		HideSolutionNode = FALSE
	EndGlobalSection
	GlobalSection(ExtensibilityGlobals) = postSolution
		SolutionGuid = {F3661515-FA4C-4379-9C6C-B8B9B06C3A7D}
	EndGlobalSection
EndGlobal
